{
  "nodes": {
    "disko": {
      "inputs": {
        "nixpkgs": [
          "nixpkgs"
        ]
      },
      "locked": {
        "lastModified": 1781152676,
        "narHash": "sha256-RxWs5ND31KzTG7wvMM+PMfUjyNpmIEr999lqNARaM5o=",
        "owner": "nix-community",
        "repo": "disko",
        "rev": "ff8702b4de27f72b4c78573dfb89ec74e36abdf1",
        "type": "github"
      },
      "original": {
        "owner": "nix-community",
        "repo": "disko",
        "type": "github"
      }
    },
    "nixpkgs": {
      "locked": {
        "lastModified": 1785747939,
        "narHash": "sha256-D740uKsMbgsfK2oaDenJLLPIZfq7W0/g4KN/Fls8eKs=",
        "owner": "NixOS",
        "repo": "nixpkgs",
        "rev": "104240a772428cc2e20d8fd86c9ddbb886bbaff2",
        "type": "github"
      },
      "original": {
        "owner": "NixOS",
        "ref": "nixpkgs-unstable",
        "repo": "nixpkgs",
        "type": "github"
      }
    },
    "nixpkgs-unstable": {
      "locked": {
        "lastModified": 1785747939,
        "narHash": "sha256-D740uKsMbgsfK2oaDenJLLPIZfq7W0/g4KN/Fls8eKs=",
        "owner": "NixOS",
        "repo": "nixpkgs",
        "rev": "104240a772428cc2e20d8fd86c9ddbb886bbaff2",
        "type": "github"
      },
      "original": {
        "owner": "NixOS",
        "ref": "nixpkgs-unstable",
        "repo": "nixpkgs",
        "type": "github"
      }
    },
    "psibase": {
      "flake": false,
      "locked": {
        "lastModified": 1788454948,
        "narHash": "sha256-ypMZJRw+U2i2e6bm5ypo/it3tQOJtoW2V3aZ/P50jQY=",
        "type": "tarball",
        "url": "https://github.com/gofractally/psibase/releases/download/v0.28.0-pre/psidk-ubuntu-2404.tar.gz"
      },
      "original": {
        "type": "tarball",
        "url": "https://github.com/gofractally/psibase/releases/download/v0.28.0-pre/psidk-ubuntu-2404.tar.gz"
      }
    },
    "psibase-nix": {
      "inputs": {
        "nixpkgs": [
          "nixpkgs"
        ],
        "psibase": [
          "psibase"
        ]
      },
      "locked": {
        "lastModified": 1787542967,
        "narHash": "sha256-J1/vBamIjB+dDc5KsiHP9+ALrMlOpeD6z7omJ3qH2Hw=",
        "owner": "gofractally",
        "repo": "psibase-nix",
        "rev": "4bd106f24edbd7cf1441c7576d1187eaff83f318",
        "type": "github"
      },
      "original": {
        "owner": "gofractally",
        "repo": "psibase-nix",
        "type": "github"
      }
    },
    "root": {
      "inputs": {
        "disko": "disko",
        "nixpkgs": "nixpkgs",
        "nixpkgs-unstable": "nixpkgs-unstable",
        "psibase": "psibase",
        "psibase-nix": "psibase-nix",
        "sops-nix": "sops-nix"
      }
    },
    "sops-nix": {
      "inputs": {
        "nixpkgs": [
          "nixpkgs"
        ]
      },
      "locked": {
        "lastModified": 1783174389,
        "narHash": "sha256-aCWC8ngycU7OdJrU2+Je3qf+1a2ykuBvpPhZT/9tXMc=",
        "owner": "Mic92",
        "repo": "sops-nix",
        "rev": "f1406619a3884cd5c47992a70b8b35c9c0fcb4c9",
        "type": "github"
      },
      "original": {
        "owner": "Mic92",
        "repo": "sops-nix",
        "type": "github"
      }
    }
  },
  "root": "root",
  "version": 7
}
